
Microsoft Visual Studio Solution File, Format Version 12.00
# Visual Studio 15
VisualStudioVersion = 15.0.27130.2003
MinimumVisualStudioVersion = 10.0.40219.1
Project("{2150E333-8FDC-42A3-9474-1A3956D46DE8}") = "src", "src", "{4DAF22CE-7ABC-4ED2-B362-81F801A6C7C6}"
EndProject
Project("{2150E333-8FDC-42A3-9474-1A3956D46DE8}") = "Solution Items", "Solution Items", "{8A363F3F-B40E-4B4C-B59A-5FED789A4A24}"
	ProjectSection(SolutionItems) = preProject
		COLLECTIONS.md = COLLECTIONS.md
		README.md = README.md
	EndProjectSection
EndProject
Project("{2150E333-8FDC-42A3-9474-1A3956D46DE8}") = "test", "test", "{AB351319-FB93-4270-84B6-E628A59DED9F}"
EndProject
Project("{9A19103F-16F7-4668-BE54-9A1E7A4F7556}") = "CachingFramework.Redis", "src\CachingFramework.Redis\CachingFramework.Redis.csproj", "{288D8D8D-4420-4E61-85BF-F3D0B8FC2075}"
EndProject
Project("{9A19103F-16F7-4668-BE54-9A1E7A4F7556}") = "CachingFramework.Redis.UnitTest", "test\CachingFramework.Redis.UnitTest\CachingFramework.Redis.UnitTest.csproj", "{2239BAF8-6392-46B0-A83B-228FE787A7F0}"
EndProject
Project("{9A19103F-16F7-4668-BE54-9A1E7A4F7556}") = "CachingFramework.Redis.MsgPack", "src\CachingFramework.Redis.MsgPack\CachingFramework.Redis.MsgPack.csproj", "{DE98C95D-BFB9-4F41-9903-0D6A97A6C237}"
EndProject
Global
	GlobalSection(SolutionConfigurationPlatforms) = preSolution
		Debug|Any CPU = Debug|Any CPU
		Release|Any CPU = Release|Any CPU
	EndGlobalSection
	GlobalSection(ProjectConfigurationPlatforms) = postSolution
		{288D8D8D-4420-4E61-85BF-F3D0B8FC2075}.Debug|Any CPU.ActiveCfg = Debug|Any CPU
		{288D8D8D-4420-4E61-85BF-F3D0B8FC2075}.Debug|Any CPU.Build.0 = Debug|Any CPU
		{288D8D8D-4420-4E61-85BF-F3D0B8FC2075}.Release|Any CPU.ActiveCfg = Release|Any CPU
		{288D8D8D-4420-4E61-85BF-F3D0B8FC2075}.Release|Any CPU.Build.0 = Release|Any CPU
		{2239BAF8-6392-46B0-A83B-228FE787A7F0}.Debug|Any CPU.ActiveCfg = Debug|Any CPU
		{2239BAF8-6392-46B0-A83B-228FE787A7F0}.Debug|Any CPU.Build.0 = Debug|Any CPU
		{2239BAF8-6392-46B0-A83B-228FE787A7F0}.Release|Any CPU.ActiveCfg = Release|Any CPU
		{2239BAF8-6392-46B0-A83B-228FE787A7F0}.Release|Any CPU.Build.0 = Release|Any CPU
		{DE98C95D-BFB9-4F41-9903-0D6A97A6C237}.Debug|Any CPU.ActiveCfg = Debug|Any CPU
		{DE98C95D-BFB9-4F41-9903-0D6A97A6C237}.Debug|Any CPU.Build.0 = Debug|Any CPU
		{DE98C95D-BFB9-4F41-9903-0D6A97A6C237}.Release|Any CPU.ActiveCfg = Release|Any CPU
		{DE98C95D-BFB9-4F41-9903-0D6A97A6C237}.Release|Any CPU.Build.0 = Release|Any CPU
	EndGlobalSection
	GlobalSection(SolutionProperties) = preSolution
		HideSolutionNode = FALSE
	EndGlobalSection
	GlobalSection(NestedProjects) = preSolution
		{288D8D8D-4420-4E61-85BF-F3D0B8FC2075} = {4DAF22CE-7ABC-4ED2-B362-81F801A6C7C6}
		{2239BAF8-6392-46B0-A83B-228FE787A7F0} = {AB351319-FB93-4270-84B6-E628A59DED9F}
		{DE98C95D-BFB9-4F41-9903-0D6A97A6C237} = {4DAF22CE-7ABC-4ED2-B362-81F801A6C7C6}
	EndGlobalSection
	GlobalSection(ExtensibilityGlobals) = postSolution
		SolutionGuid = {C712839B-8E1B-4250-AF57-73F1B3FEACEB}
	EndGlobalSection
EndGlobal
