
Microsoft Visual Studio Solution File, Format Version 12.00
# Visual Studio 14
VisualStudioVersion = 14.0.25420.1
MinimumVisualStudioVersion = 10.0.40219.1
Project("{FAE04EC0-301F-11D3-BF4B-00C04F79EFBC}") = "CachingFramework.Redis", "CachingFramework.Redis\CachingFramework.Redis.csproj", "{D382BCFE-9C6E-440C-B49E-BD4EB9CFB057}"
EndProject
Project("{FAE04EC0-301F-11D3-BF4B-00C04F79EFBC}") = "CachingFramework.Redis.UnitTest", "CachingFramework.Redis.UnitTest\CachingFramework.Redis.UnitTest.csproj", "{D1118D9C-6575-40B8-B119-355CEBE53B2D}"
EndProject
Project("{FAE04EC0-301F-11D3-BF4B-00C04F79EFBC}") = "CachingFramework.Redis.Json", "CachingFramework.Redis.Json\CachingFramework.Redis.Json.csproj", "{ED669E88-E26C-45F0-9808-67445E05B601}"
EndProject
Project("{FAE04EC0-301F-11D3-BF4B-00C04F79EFBC}") = "CachingFramework.Redis.MsgPack", "CachingFramework.Redis.MsgPack\CachingFramework.Redis.MsgPack.csproj", "{B4CFD07B-EC04-49EB-8352-ACC76A32BF9B}"
EndProject
Project("{FAE04EC0-301F-11D3-BF4B-00C04F79EFBC}") = "CachingFramework.Redis.StrongName", "StrongName\CachingFramework.Redis\CachingFramework.Redis.StrongName.csproj", "{10BB2754-D729-4A17-8223-4ACCF197620D}"
EndProject
Project("{FAE04EC0-301F-11D3-BF4B-00C04F79EFBC}") = "CachingFramework.Redis.Json.StrongName", "StrongName\CachingFramework.Redis.Json\CachingFramework.Redis.Json.StrongName.csproj", "{413F3230-36C8-4C85-87DA-ED13957E4CD3}"
EndProject
Project("{FAE04EC0-301F-11D3-BF4B-00C04F79EFBC}") = "CachingFramework.Redis.MsgPack.StrongName", "StrongName\CachingFramework.Redis.MsgPack\CachingFramework.Redis.MsgPack.StrongName.csproj", "{6D1BDB7E-8199-43D1-AF7D-210F8786A16C}"
EndProject
Global
	GlobalSection(SolutionConfigurationPlatforms) = preSolution
		Debug|Any CPU = Debug|Any CPU
		Release|Any CPU = Release|Any CPU
	EndGlobalSection
	GlobalSection(ProjectConfigurationPlatforms) = postSolution
		{D382BCFE-9C6E-440C-B49E-BD4EB9CFB057}.Debug|Any CPU.ActiveCfg = Debug|Any CPU
		{D382BCFE-9C6E-440C-B49E-BD4EB9CFB057}.Debug|Any CPU.Build.0 = Debug|Any CPU
		{D382BCFE-9C6E-440C-B49E-BD4EB9CFB057}.Release|Any CPU.ActiveCfg = Release|Any CPU
		{D382BCFE-9C6E-440C-B49E-BD4EB9CFB057}.Release|Any CPU.Build.0 = Release|Any CPU
		{D1118D9C-6575-40B8-B119-355CEBE53B2D}.Debug|Any CPU.ActiveCfg = Debug|Any CPU
		{D1118D9C-6575-40B8-B119-355CEBE53B2D}.Debug|Any CPU.Build.0 = Debug|Any CPU
		{D1118D9C-6575-40B8-B119-355CEBE53B2D}.Release|Any CPU.ActiveCfg = Release|Any CPU
		{D1118D9C-6575-40B8-B119-355CEBE53B2D}.Release|Any CPU.Build.0 = Release|Any CPU
		{ED669E88-E26C-45F0-9808-67445E05B601}.Debug|Any CPU.ActiveCfg = Debug|Any CPU
		{ED669E88-E26C-45F0-9808-67445E05B601}.Debug|Any CPU.Build.0 = Debug|Any CPU
		{ED669E88-E26C-45F0-9808-67445E05B601}.Release|Any CPU.ActiveCfg = Release|Any CPU
		{ED669E88-E26C-45F0-9808-67445E05B601}.Release|Any CPU.Build.0 = Release|Any CPU
		{B4CFD07B-EC04-49EB-8352-ACC76A32BF9B}.Debug|Any CPU.ActiveCfg = Debug|Any CPU
		{B4CFD07B-EC04-49EB-8352-ACC76A32BF9B}.Debug|Any CPU.Build.0 = Debug|Any CPU
		{B4CFD07B-EC04-49EB-8352-ACC76A32BF9B}.Release|Any CPU.ActiveCfg = Release|Any CPU
		{B4CFD07B-EC04-49EB-8352-ACC76A32BF9B}.Release|Any CPU.Build.0 = Release|Any CPU
		{10BB2754-D729-4A17-8223-4ACCF197620D}.Debug|Any CPU.ActiveCfg = Debug|Any CPU
		{10BB2754-D729-4A17-8223-4ACCF197620D}.Debug|Any CPU.Build.0 = Debug|Any CPU
		{10BB2754-D729-4A17-8223-4ACCF197620D}.Release|Any CPU.ActiveCfg = Release|Any CPU
		{10BB2754-D729-4A17-8223-4ACCF197620D}.Release|Any CPU.Build.0 = Release|Any CPU
		{413F3230-36C8-4C85-87DA-ED13957E4CD3}.Debug|Any CPU.ActiveCfg = Debug|Any CPU
		{413F3230-36C8-4C85-87DA-ED13957E4CD3}.Debug|Any CPU.Build.0 = Debug|Any CPU
		{413F3230-36C8-4C85-87DA-ED13957E4CD3}.Release|Any CPU.ActiveCfg = Release|Any CPU
		{413F3230-36C8-4C85-87DA-ED13957E4CD3}.Release|Any CPU.Build.0 = Release|Any CPU
		{6D1BDB7E-8199-43D1-AF7D-210F8786A16C}.Debug|Any CPU.ActiveCfg = Debug|Any CPU
		{6D1BDB7E-8199-43D1-AF7D-210F8786A16C}.Debug|Any CPU.Build.0 = Debug|Any CPU
		{6D1BDB7E-8199-43D1-AF7D-210F8786A16C}.Release|Any CPU.ActiveCfg = Release|Any CPU
		{6D1BDB7E-8199-43D1-AF7D-210F8786A16C}.Release|Any CPU.Build.0 = Release|Any CPU
	EndGlobalSection
	GlobalSection(SolutionProperties) = preSolution
		HideSolutionNode = FALSE
	EndGlobalSection
EndGlobal
